
Microsoft Visual Studio Solution File, Format Version 12.00
# Visual Studio 15
VisualStudioVersion = 15.0.28307.421
MinimumVisualStudioVersion = 10.0.40219.1
Project("{FAE04EC0-301F-11D3-BF4B-00C04F79EFBC}") = "FinalProject", "FinalProject\FinalProject.csproj", "{04BF05AC-CEC3-4D3B-A46A-606613EDE17A}"
EndProject
Project("{FAE04EC0-301F-11D3-BF4B-00C04F79EFBC}") = "UserControlClass", "UserControlClass\UserControlClass.csproj", "{E171B1EC-7D7D-4D92-B041-B65AE450C49F}"
EndProject
Global
	GlobalSection(SolutionConfigurationPlatforms) = preSolution
		Debug|Any CPU = Debug|Any CPU
		Release|Any CPU = Release|Any CPU
	EndGlobalSection
	GlobalSection(ProjectConfigurationPlatforms) = postSolution
		{04BF05AC-CEC3-4D3B-A46A-606613EDE17A}.Debug|Any CPU.ActiveCfg = Debug|Any CPU
		{04BF05AC-CEC3-4D3B-A46A-606613EDE17A}.Debug|Any CPU.Build.0 = Debug|Any CPU
		{04BF05AC-CEC3-4D3B-A46A-606613EDE17A}.Release|Any CPU.ActiveCfg = Release|Any CPU
		{04BF05AC-CEC3-4D3B-A46A-606613EDE17A}.Release|Any CPU.Build.0 = Release|Any CPU
		{E171B1EC-7D7D-4D92-B041-B65AE450C49F}.Debug|Any CPU.ActiveCfg = Debug|Any CPU
		{E171B1EC-7D7D-4D92-B041-B65AE450C49F}.Debug|Any CPU.Build.0 = Debug|Any CPU
		{E171B1EC-7D7D-4D92-B041-B65AE450C49F}.Release|Any CPU.ActiveCfg = Release|Any CPU
		{E171B1EC-7D7D-4D92-B041-B65AE450C49F}.Release|Any CPU.Build.0 = Release|Any CPU
	EndGlobalSection
	GlobalSection(SolutionProperties) = preSolution
		HideSolutionNode = FALSE
	EndGlobalSection
	GlobalSection(ExtensibilityGlobals) = postSolution
		SolutionGuid = {BAB42559-CA36-488A-8C75-77C15C046EA7}
	EndGlobalSection
EndGlobal
